// !$*UTF8*$!
{
	archiveVersion = 1;
	classes = {
	};
	objectVersion = 52;
	objects = {

/* Begin PBXBuildFile section */
		7C06449B25FAAEEC007524C5 /* progress.json in Resources */ = {isa = PBXBuildFile; fileRef = 7C06449A25FAAEEC007524C5 /* progress.json */; };
		7C0AB8E225ED34890049DD84 /* Hero.swift in Sources */ = {isa = PBXBuildFile; fileRef = 7C0AB8E125ED34890049DD84 /* Hero.swift */; };
		7C1C502825ECBB6E00CF61BF /* BadsViewController.swift in Sources */ = {isa = PBXBuildFile; fileRef = 7C1C502725ECBB6E00CF61BF /* BadsViewController.swift */; };
		7C1C502B25ECBD1700CF61BF /* BadsCollectionCell.swift in Sources */ = {isa = PBXBuildFile; fileRef = 7C1C502A25ECBD1700CF61BF /* BadsCollectionCell.swift */; };
		7C1C502E25ECBFFB00CF61BF /* NeutralsViewController.swift in Sources */ = {isa = PBXBuildFile; fileRef = 7C1C502D25ECBFFB00CF61BF /* NeutralsViewController.swift */; };
		7C1C503125ECC0DA00CF61BF /* NeutralsCollectionCell.swift in Sources */ = {isa = PBXBuildFile; fileRef = 7C1C503025ECC0DA00CF61BF /* NeutralsCollectionCell.swift */; };
		7C1C503425ECC31100CF61BF /* CharacterViewController.swift in Sources */ = {isa = PBXBuildFile; fileRef = 7C1C503325ECC31100CF61BF /* CharacterViewController.swift */; };
		7C1C503725ECC4AF00CF61BF /* CharacterTableCell.swift in Sources */ = {isa = PBXBuildFile; fileRef = 7C1C503625ECC4AF00CF61BF /* CharacterTableCell.swift */; };
		7C1C503A25ECDFB000CF61BF /* InformationCharacterCell.swift in Sources */ = {isa = PBXBuildFile; fileRef = 7C1C503925ECDFB000CF61BF /* InformationCharacterCell.swift */; };
		7C1F7AF225F16EAE000D22E4 /* UIViewControllerFilter.swift in Sources */ = {isa = PBXBuildFile; fileRef = 7C1F7AF125F16EAE000D22E4 /* UIViewControllerFilter.swift */; };
		7C268E3125E9253800104F97 /* GoodsCollectionCell.swift in Sources */ = {isa = PBXBuildFile; fileRef = 7C268E3025E9253800104F97 /* GoodsCollectionCell.swift */; };
		7C27C84F25ED2D1A00753A11 /* Kingfisher in Frameworks */ = {isa = PBXBuildFile; productRef = 7C27C84E25ED2D1A00753A11 /* Kingfisher */; };
		7C31A93425ECEF5D00EA4CBE /* RandomViewController.swift in Sources */ = {isa = PBXBuildFile; fileRef = 7C31A93325ECEF5D00EA4CBE /* RandomViewController.swift */; };
		7C31A93925ED08AA00EA4CBE /* HeroesCoreData.xcdatamodeld in Sources */ = {isa = PBXBuildFile; fileRef = 7C31A93725ED08AA00EA4CBE /* HeroesCoreData.xcdatamodeld */; };
		7C55368825E651DE00FD6220 /* Cairo-Light.ttf in Resources */ = {isa = PBXBuildFile; fileRef = 7C55368225E651DE00FD6220 /* Cairo-Light.ttf */; };
		7C55368925E651DE00FD6220 /* Cairo-Regular.ttf in Resources */ = {isa = PBXBuildFile; fileRef = 7C55368325E651DE00FD6220 /* Cairo-Regular.ttf */; };
		7C55368A25E651DE00FD6220 /* Cairo-SemiBold.ttf in Resources */ = {isa = PBXBuildFile; fileRef = 7C55368425E651DE00FD6220 /* Cairo-SemiBold.ttf */; };
		7C55368B25E651DE00FD6220 /* Cairo-Bold.ttf in Resources */ = {isa = PBXBuildFile; fileRef = 7C55368525E651DE00FD6220 /* Cairo-Bold.ttf */; };
		7C55368C25E651DE00FD6220 /* Cairo-ExtraLight.ttf in Resources */ = {isa = PBXBuildFile; fileRef = 7C55368625E651DE00FD6220 /* Cairo-ExtraLight.ttf */; };
		7C55368D25E651DE00FD6220 /* Cairo-Black.ttf in Resources */ = {isa = PBXBuildFile; fileRef = 7C55368725E651DE00FD6220 /* Cairo-Black.ttf */; };
		7C60B66225EE5AFA00757066 /* Localizable.strings in Resources */ = {isa = PBXBuildFile; fileRef = 7C60B66425EE5AFA00757066 /* Localizable.strings */; };
		7C7DE85625F75D720012449A /* Alamofire in Frameworks */ = {isa = PBXBuildFile; productRef = 7C7DE85525F75D720012449A /* Alamofire */; };
		7CA37F7025F4FC25002B1488 /* hero_data.json in Resources */ = {isa = PBXBuildFile; fileRef = 7CA37F6F25F4FC25002B1488 /* hero_data.json */; };
		7CB27E3E25E8F9A600D68F03 /* AllCollectionCell.swift in Sources */ = {isa = PBXBuildFile; fileRef = 7CB27E3D25E8F9A600D68F03 /* AllCollectionCell.swift */; };
		7CB27E4125E903D900D68F03 /* GoodsViewController.swift in Sources */ = {isa = PBXBuildFile; fileRef = 7CB27E4025E903D900D68F03 /* GoodsViewController.swift */; };
		7CD813ED25F8BA3D00BD5797 /* DataProvider.swift in Sources */ = {isa = PBXBuildFile; fileRef = 7CD813EC25F8BA3D00BD5797 /* DataProvider.swift */; };
		7CD813F225F8E63D00BD5797 /* ApiService.swift in Sources */ = {isa = PBXBuildFile; fileRef = 7CD813F125F8E63D00BD5797 /* ApiService.swift */; };
		7CD813FC25FA2DAF00BD5797 /* Lottie in Frameworks */ = {isa = PBXBuildFile; productRef = 7CD813FB25FA2DAF00BD5797 /* Lottie */; };
		7CD8140025FA30D500BD5797 /* loading.json in Resources */ = {isa = PBXBuildFile; fileRef = 7CD813FF25FA30D500BD5797 /* loading.json */; };
		7CD8140325FA329B00BD5797 /* SplashViewController.swift in Sources */ = {isa = PBXBuildFile; fileRef = 7CD8140225FA329B00BD5797 /* SplashViewController.swift */; };
		7CE0991125FA6F5500C97A0B /* progressLoading.json in Resources */ = {isa = PBXBuildFile; fileRef = 7CE0991025FA6F5500C97A0B /* progressLoading.json */; };
		7CF2ACA525E528B4003F90A8 /* AppDelegate.swift in Sources */ = {isa = PBXBuildFile; fileRef = 7CF2ACA425E528B4003F90A8 /* AppDelegate.swift */; };
		7CF2ACA725E528B4003F90A8 /* SceneDelegate.swift in Sources */ = {isa = PBXBuildFile; fileRef = 7CF2ACA625E528B4003F90A8 /* SceneDelegate.swift */; };
		7CF2ACA925E528B4003F90A8 /* AllViewController.swift in Sources */ = {isa = PBXBuildFile; fileRef = 7CF2ACA825E528B4003F90A8 /* AllViewController.swift */; };
		7CF2ACAC25E528B4003F90A8 /* Main.storyboard in Resources */ = {isa = PBXBuildFile; fileRef = 7CF2ACAA25E528B4003F90A8 /* Main.storyboard */; };
		7CF2ACAE25E528B5003F90A8 /* Assets.xcassets in Resources */ = {isa = PBXBuildFile; fileRef = 7CF2ACAD25E528B5003F90A8 /* Assets.xcassets */; };
		7CF2ACB125E528B5003F90A8 /* LaunchScreen.storyboard in Resources */ = {isa = PBXBuildFile; fileRef = 7CF2ACAF25E528B5003F90A8 /* LaunchScreen.storyboard */; };
/* End PBXBuildFile section */

/* Begin PBXFileReference section */
		7C06449A25FAAEEC007524C5 /* progress.json */ = {isa = PBXFileReference; fileEncoding = 4; lastKnownFileType = text.json; path = progress.json; sourceTree = "<group>"; };
		7C0AB8E125ED34890049DD84 /* Hero.swift */ = {isa = PBXFileReference; lastKnownFileType = sourcecode.swift; path = Hero.swift; sourceTree = "<group>"; };
		7C1C502725ECBB6E00CF61BF /* BadsViewController.swift */ = {isa = PBXFileReference; lastKnownFileType = sourcecode.swift; path = BadsViewController.swift; sourceTree = "<group>"; };
		7C1C502A25ECBD1700CF61BF /* BadsCollectionCell.swift */ = {isa = PBXFileReference; lastKnownFileType = sourcecode.swift; path = BadsCollectionCell.swift; sourceTree = "<group>"; };
		7C1C502D25ECBFFB00CF61BF /* NeutralsViewController.swift */ = {isa = PBXFileReference; lastKnownFileType = sourcecode.swift; path = NeutralsViewController.swift; sourceTree = "<group>"; };
		7C1C503025ECC0DA00CF61BF /* NeutralsCollectionCell.swift */ = {isa = PBXFileReference; lastKnownFileType = sourcecode.swift; path = NeutralsCollectionCell.swift; sourceTree = "<group>"; };
		7C1C503325ECC31100CF61BF /* CharacterViewController.swift */ = {isa = PBXFileReference; lastKnownFileType = sourcecode.swift; path = CharacterViewController.swift; sourceTree = "<group>"; };
		7C1C503625ECC4AF00CF61BF /* CharacterTableCell.swift */ = {isa = PBXFileReference; lastKnownFileType = sourcecode.swift; path = CharacterTableCell.swift; sourceTree = "<group>"; };
		7C1C503925ECDFB000CF61BF /* InformationCharacterCell.swift */ = {isa = PBXFileReference; lastKnownFileType = sourcecode.swift; path = InformationCharacterCell.swift; sourceTree = "<group>"; };
		7C1F7AF125F16EAE000D22E4 /* UIViewControllerFilter.swift */ = {isa = PBXFileReference; lastKnownFileType = sourcecode.swift; path = UIViewControllerFilter.swift; sourceTree = "<group>"; };
		7C268E3025E9253800104F97 /* GoodsCollectionCell.swift */ = {isa = PBXFileReference; lastKnownFileType = sourcecode.swift; path = GoodsCollectionCell.swift; sourceTree = "<group>"; };
		7C31A93325ECEF5D00EA4CBE /* RandomViewController.swift */ = {isa = PBXFileReference; lastKnownFileType = sourcecode.swift; path = RandomViewController.swift; sourceTree = "<group>"; };
		7C31A93825ED08AA00EA4CBE /* HeroesCoreData.xcdatamodel */ = {isa = PBXFileReference; lastKnownFileType = wrapper.xcdatamodel; path = HeroesCoreData.xcdatamodel; sourceTree = "<group>"; };
		7C55368225E651DE00FD6220 /* Cairo-Light.ttf */ = {isa = PBXFileReference; lastKnownFileType = file; path = "Cairo-Light.ttf"; sourceTree = "<group>"; };
		7C55368325E651DE00FD6220 /* Cairo-Regular.ttf */ = {isa = PBXFileReference; lastKnownFileType = file; path = "Cairo-Regular.ttf"; sourceTree = "<group>"; };
		7C55368425E651DE00FD6220 /* Cairo-SemiBold.ttf */ = {isa = PBXFileReference; lastKnownFileType = file; path = "Cairo-SemiBold.ttf"; sourceTree = "<group>"; };
		7C55368525E651DE00FD6220 /* Cairo-Bold.ttf */ = {isa = PBXFileReference; lastKnownFileType = file; path = "Cairo-Bold.ttf"; sourceTree = "<group>"; };
		7C55368625E651DE00FD6220 /* Cairo-ExtraLight.ttf */ = {isa = PBXFileReference; lastKnownFileType = file; path = "Cairo-ExtraLight.ttf"; sourceTree = "<group>"; };
		7C55368725E651DE00FD6220 /* Cairo-Black.ttf */ = {isa = PBXFileReference; lastKnownFileType = file; path = "Cairo-Black.ttf"; sourceTree = "<group>"; };
		7C60B66325EE5AFA00757066 /* en */ = {isa = PBXFileReference; lastKnownFileType = text.plist.strings; name = en; path = en.lproj/Localizable.strings; sourceTree = "<group>"; };
		7C60B66625EE5B1A00757066 /* es */ = {isa = PBXFileReference; lastKnownFileType = text.plist.strings; name = es; path = es.lproj/Localizable.strings; sourceTree = "<group>"; };
		7CA37F6F25F4FC25002B1488 /* hero_data.json */ = {isa = PBXFileReference; fileEncoding = 4; lastKnownFileType = text.json; path = hero_data.json; sourceTree = "<group>"; };
		7CB27E3D25E8F9A600D68F03 /* AllCollectionCell.swift */ = {isa = PBXFileReference; lastKnownFileType = sourcecode.swift; path = AllCollectionCell.swift; sourceTree = "<group>"; };
		7CB27E4025E903D900D68F03 /* GoodsViewController.swift */ = {isa = PBXFileReference; lastKnownFileType = sourcecode.swift; path = GoodsViewController.swift; sourceTree = "<group>"; };
		7CD813EC25F8BA3D00BD5797 /* DataProvider.swift */ = {isa = PBXFileReference; lastKnownFileType = sourcecode.swift; path = DataProvider.swift; sourceTree = "<group>"; };
		7CD813F125F8E63D00BD5797 /* ApiService.swift */ = {isa = PBXFileReference; lastKnownFileType = sourcecode.swift; path = ApiService.swift; sourceTree = "<group>"; };
		7CD813FF25FA30D500BD5797 /* loading.json */ = {isa = PBXFileReference; fileEncoding = 4; lastKnownFileType = text.json; path = loading.json; sourceTree = "<group>"; };
		7CD8140225FA329B00BD5797 /* SplashViewController.swift */ = {isa = PBXFileReference; lastKnownFileType = sourcecode.swift; path = SplashViewController.swift; sourceTree = "<group>"; };
		7CE0991025FA6F5500C97A0B /* progressLoading.json */ = {isa = PBXFileReference; fileEncoding = 4; lastKnownFileType = text.json; path = progressLoading.json; sourceTree = "<group>"; };
		7CF2ACA125E528B4003F90A8 /* superHeroProject.app */ = {isa = PBXFileReference; explicitFileType = wrapper.application; includeInIndex = 0; path = superHeroProject.app; sourceTree = BUILT_PRODUCTS_DIR; };
		7CF2ACA425E528B4003F90A8 /* AppDelegate.swift */ = {isa = PBXFileReference; lastKnownFileType = sourcecode.swift; path = AppDelegate.swift; sourceTree = "<group>"; };
		7CF2ACA625E528B4003F90A8 /* SceneDelegate.swift */ = {isa = PBXFileReference; lastKnownFileType = sourcecode.swift; path = SceneDelegate.swift; sourceTree = "<group>"; };
		7CF2ACA825E528B4003F90A8 /* AllViewController.swift */ = {isa = PBXFileReference; lastKnownFileType = sourcecode.swift; path = AllViewController.swift; sourceTree = "<group>"; };
		7CF2ACAB25E528B4003F90A8 /* Base */ = {isa = PBXFileReference; lastKnownFileType = file.storyboard; name = Base; path = Base.lproj/Main.storyboard; sourceTree = "<group>"; };
		7CF2ACAD25E528B5003F90A8 /* Assets.xcassets */ = {isa = PBXFileReference; lastKnownFileType = folder.assetcatalog; path = Assets.xcassets; sourceTree = "<group>"; };
		7CF2ACB025E528B5003F90A8 /* Base */ = {isa = PBXFileReference; lastKnownFileType = file.storyboard; name = Base; path = Base.lproj/LaunchScreen.storyboard; sourceTree = "<group>"; };
		7CF2ACB225E528B5003F90A8 /* Info.plist */ = {isa = PBXFileReference; lastKnownFileType = text.plist.xml; path = Info.plist; sourceTree = "<group>"; };
/* End PBXFileReference section */

/* Begin PBXFrameworksBuildPhase section */
		7CF2AC9E25E528B4003F90A8 /* Frameworks */ = {
			isa = PBXFrameworksBuildPhase;
			buildActionMask = 2147483647;
			files = (
				7C27C84F25ED2D1A00753A11 /* Kingfisher in Frameworks */,
				7C7DE85625F75D720012449A /* Alamofire in Frameworks */,
				7CD813FC25FA2DAF00BD5797 /* Lottie in Frameworks */,
			);
			runOnlyForDeploymentPostprocessing = 0;
		};
/* End PBXFrameworksBuildPhase section */

/* Begin PBXGroup section */
		7C0AB8DE25ED312D0049DD84 /* Enties */ = {
			isa = PBXGroup;
			children = (
				7C0AB8E125ED34890049DD84 /* Hero.swift */,
			);
			path = Enties;
			sourceTree = "<group>";
		};
		7C0AB8E025ED34650049DD84 /* Sample */ = {
			isa = PBXGroup;
			children = (
				7CA37F6F25F4FC25002B1488 /* hero_data.json */,
			);
			path = Sample;
			sourceTree = "<group>";
		};
		7C1F7AF025F16E1B000D22E4 /* Extensiones */ = {
			isa = PBXGroup;
			children = (
				7C1F7AF125F16EAE000D22E4 /* UIViewControllerFilter.swift */,
			);
			path = Extensiones;
			sourceTree = "<group>";
		};
		7C31A93625ED070F00EA4CBE /* Data */ = {
			isa = PBXGroup;
			children = (
				7CD813F025F8E55000BD5797 /* Network */,
				7CD813EC25F8BA3D00BD5797 /* DataProvider.swift */,
				7C0AB8E025ED34650049DD84 /* Sample */,
				7C0AB8DE25ED312D0049DD84 /* Enties */,
				7C31A93725ED08AA00EA4CBE /* HeroesCoreData.xcdatamodeld */,
			);
			path = Data;
			sourceTree = "<group>";
		};
		7C55367E25E6494600FD6220 /* Fonts */ = {
			isa = PBXGroup;
			children = (
				7C55368725E651DE00FD6220 /* Cairo-Black.ttf */,
				7C55368525E651DE00FD6220 /* Cairo-Bold.ttf */,
				7C55368625E651DE00FD6220 /* Cairo-ExtraLight.ttf */,
				7C55368225E651DE00FD6220 /* Cairo-Light.ttf */,
				7C55368325E651DE00FD6220 /* Cairo-Regular.ttf */,
				7C55368425E651DE00FD6220 /* Cairo-SemiBold.ttf */,
			);
			path = Fonts;
			sourceTree = "<group>";
		};
		7CB27E3325E8EE4C00D68F03 /* Cell */ = {
			isa = PBXGroup;
			children = (
				7CB27E3D25E8F9A600D68F03 /* AllCollectionCell.swift */,
				7C268E3025E9253800104F97 /* GoodsCollectionCell.swift */,
				7C1C502A25ECBD1700CF61BF /* BadsCollectionCell.swift */,
				7C1C503025ECC0DA00CF61BF /* NeutralsCollectionCell.swift */,
				7C1C503625ECC4AF00CF61BF /* CharacterTableCell.swift */,
				7C1C503925ECDFB000CF61BF /* InformationCharacterCell.swift */,
			);
			path = Cell;
			sourceTree = "<group>";
		};
		7CD813F025F8E55000BD5797 /* Network */ = {
			isa = PBXGroup;
			children = (
				7CD813F525F8E80F00BD5797 /* Models */,
				7CD813F125F8E63D00BD5797 /* ApiService.swift */,
			);
			path = Network;
			sourceTree = "<group>";
		};
		7CD813F525F8E80F00BD5797 /* Models */ = {
			isa = PBXGroup;
			children = (
			);
			path = Models;
			sourceTree = "<group>";
		};
		7CD813FE25FA309600BD5797 /* Animation */ = {
			isa = PBXGroup;
			children = (
				7CD813FF25FA30D500BD5797 /* loading.json */,
				7C06449A25FAAEEC007524C5 /* progress.json */,
				7CE0991025FA6F5500C97A0B /* progressLoading.json */,
			);
			path = Animation;
			sourceTree = "<group>";
		};
		7CF2AC9825E528B4003F90A8 = {
			isa = PBXGroup;
			children = (
				7CF2ACA325E528B4003F90A8 /* superHeroProject */,
				7CF2ACA225E528B4003F90A8 /* Products */,
			);
			sourceTree = "<group>";
		};
		7CF2ACA225E528B4003F90A8 /* Products */ = {
			isa = PBXGroup;
			children = (
				7CF2ACA125E528B4003F90A8 /* superHeroProject.app */,
			);
			name = Products;
			sourceTree = "<group>";
		};
		7CF2ACA325E528B4003F90A8 /* superHeroProject */ = {
			isa = PBXGroup;
			children = (
				7CF2ACB925E528E9003F90A8 /* App */,
				7CF2ACBA25E52903003F90A8 /* Resources */,
				7C1F7AF025F16E1B000D22E4 /* Extensiones */,
				7C31A93625ED070F00EA4CBE /* Data */,
				7CF2ACBD25E5294F003F90A8 /* Views */,
				7CF2ACBB25E52941003F90A8 /* Controller */,
			);
			path = superHeroProject;
			sourceTree = "<group>";
		};
		7CF2ACB925E528E9003F90A8 /* App */ = {
			isa = PBXGroup;
			children = (
				7CF2ACB225E528B5003F90A8 /* Info.plist */,
				7CF2ACA425E528B4003F90A8 /* AppDelegate.swift */,
				7CF2ACA625E528B4003F90A8 /* SceneDelegate.swift */,
			);
			path = App;
			sourceTree = "<group>";
		};
		7CF2ACBA25E52903003F90A8 /* Resources */ = {
			isa = PBXGroup;
			children = (
				7CD813FE25FA309600BD5797 /* Animation */,
				7CF2ACAD25E528B5003F90A8 /* Assets.xcassets */,
				7C55367E25E6494600FD6220 /* Fonts */,
				7C60B66425EE5AFA00757066 /* Localizable.strings */,
			);
			path = Resources;
			sourceTree = "<group>";
		};
		7CF2ACBB25E52941003F90A8 /* Controller */ = {
			isa = PBXGroup;
			children = (
				7CB27E3325E8EE4C00D68F03 /* Cell */,
				7CD8140225FA329B00BD5797 /* SplashViewController.swift */,
				7CF2ACA825E528B4003F90A8 /* AllViewController.swift */,
				7CB27E4025E903D900D68F03 /* GoodsViewController.swift */,
				7C1C502725ECBB6E00CF61BF /* BadsViewController.swift */,
				7C1C502D25ECBFFB00CF61BF /* NeutralsViewController.swift */,
				7C1C503325ECC31100CF61BF /* CharacterViewController.swift */,
				7C31A93325ECEF5D00EA4CBE /* RandomViewController.swift */,
			);
			path = Controller;
			sourceTree = "<group>";
		};
		7CF2ACBD25E5294F003F90A8 /* Views */ = {
			isa = PBXGroup;
			children = (
				7CF2ACAA25E528B4003F90A8 /* Main.storyboard */,
				7CF2ACAF25E528B5003F90A8 /* LaunchScreen.storyboard */,
			);
			path = Views;
			sourceTree = "<group>";
		};
/* End PBXGroup section */

/* Begin PBXNativeTarget section */
		7CF2ACA025E528B4003F90A8 /* superHeroProject */ = {
			isa = PBXNativeTarget;
			buildConfigurationList = 7CF2ACB525E528B5003F90A8 /* Build configuration list for PBXNativeTarget "superHeroProject" */;
			buildPhases = (
				7CF2AC9D25E528B4003F90A8 /* Sources */,
				7CF2AC9E25E528B4003F90A8 /* Frameworks */,
				7CF2AC9F25E528B4003F90A8 /* Resources */,
			);
			buildRules = (
			);
			dependencies = (
			);
			name = superHeroProject;
			packageProductDependencies = (
				7C27C84E25ED2D1A00753A11 /* Kingfisher */,
				7C7DE85525F75D720012449A /* Alamofire */,
				7CD813FB25FA2DAF00BD5797 /* Lottie */,
			);
			productName = superHeroProject;
			productReference = 7CF2ACA125E528B4003F90A8 /* superHeroProject.app */;
			productType = "com.apple.product-type.application";
		};
/* End PBXNativeTarget section */

/* Begin PBXProject section */
		7CF2AC9925E528B4003F90A8 /* Project object */ = {
			isa = PBXProject;
			attributes = {
				LastSwiftUpdateCheck = 1240;
				LastUpgradeCheck = 1240;
				TargetAttributes = {
					7CF2ACA025E528B4003F90A8 = {
						CreatedOnToolsVersion = 12.4;
					};
				};
			};
			buildConfigurationList = 7CF2AC9C25E528B4003F90A8 /* Build configuration list for PBXProject "superHeroProject" */;
			compatibilityVersion = "Xcode 9.3";
			developmentRegion = en;
			hasScannedForEncodings = 0;
			knownRegions = (
				en,
				Base,
				es,
			);
			mainGroup = 7CF2AC9825E528B4003F90A8;
			packageReferences = (
				7C27C84D25ED2D1A00753A11 /* XCRemoteSwiftPackageReference "Kingfisher" */,
				7C7DE85425F75D720012449A /* XCRemoteSwiftPackageReference "Alamofire" */,
				7CD813FA25FA2DAF00BD5797 /* XCRemoteSwiftPackageReference "lottie-ios" */,
			);
			productRefGroup = 7CF2ACA225E528B4003F90A8 /* Products */;
			projectDirPath = "";
			projectRoot = "";
			targets = (
				7CF2ACA025E528B4003F90A8 /* superHeroProject */,
			);
		};
/* End PBXProject section */

/* Begin PBXResourcesBuildPhase section */
		7CF2AC9F25E528B4003F90A8 /* Resources */ = {
			isa = PBXResourcesBuildPhase;
			buildActionMask = 2147483647;
			files = (
				7CE0991125FA6F5500C97A0B /* progressLoading.json in Resources */,
				7CF2ACB125E528B5003F90A8 /* LaunchScreen.storyboard in Resources */,
				7C06449B25FAAEEC007524C5 /* progress.json in Resources */,
				7C60B66225EE5AFA00757066 /* Localizable.strings in Resources */,
				7CF2ACAE25E528B5003F90A8 /* Assets.xcassets in Resources */,
				7C55368A25E651DE00FD6220 /* Cairo-SemiBold.ttf in Resources */,
				7C55368825E651DE00FD6220 /* Cairo-Light.ttf in Resources */,
				7CF2ACAC25E528B4003F90A8 /* Main.storyboard in Resources */,
				7CA37F7025F4FC25002B1488 /* hero_data.json in Resources */,
				7C55368925E651DE00FD6220 /* Cairo-Regular.ttf in Resources */,
				7CD8140025FA30D500BD5797 /* loading.json in Resources */,
				7C55368B25E651DE00FD6220 /* Cairo-Bold.ttf in Resources */,
				7C55368D25E651DE00FD6220 /* Cairo-Black.ttf in Resources */,
				7C55368C25E651DE00FD6220 /* Cairo-ExtraLight.ttf in Resources */,
			);
			runOnlyForDeploymentPostprocessing = 0;
		};
/* End PBXResourcesBuildPhase section */

/* Begin PBXSourcesBuildPhase section */
		7CF2AC9D25E528B4003F90A8 /* Sources */ = {
			isa = PBXSourcesBuildPhase;
			buildActionMask = 2147483647;
			files = (
				7C1C503425ECC31100CF61BF /* CharacterViewController.swift in Sources */,
				7C268E3125E9253800104F97 /* GoodsCollectionCell.swift in Sources */,
				7C1C503125ECC0DA00CF61BF /* NeutralsCollectionCell.swift in Sources */,
				7C0AB8E225ED34890049DD84 /* Hero.swift in Sources */,
				7C1F7AF225F16EAE000D22E4 /* UIViewControllerFilter.swift in Sources */,
				7C31A93425ECEF5D00EA4CBE /* RandomViewController.swift in Sources */,
				7CD813F225F8E63D00BD5797 /* ApiService.swift in Sources */,
				7C1C502B25ECBD1700CF61BF /* BadsCollectionCell.swift in Sources */,
				7CD813ED25F8BA3D00BD5797 /* DataProvider.swift in Sources */,
				7C1C503725ECC4AF00CF61BF /* CharacterTableCell.swift in Sources */,
				7CF2ACA925E528B4003F90A8 /* AllViewController.swift in Sources */,
				7CF2ACA525E528B4003F90A8 /* AppDelegate.swift in Sources */,
				7CD8140325FA329B00BD5797 /* SplashViewController.swift in Sources */,
				7C1C502E25ECBFFB00CF61BF /* NeutralsViewController.swift in Sources */,
				7CF2ACA725E528B4003F90A8 /* SceneDelegate.swift in Sources */,
				7C31A93925ED08AA00EA4CBE /* HeroesCoreData.xcdatamodeld in Sources */,
				7C1C503A25ECDFB000CF61BF /* InformationCharacterCell.swift in Sources */,
				7CB27E4125E903D900D68F03 /* GoodsViewController.swift in Sources */,
				7C1C502825ECBB6E00CF61BF /* BadsViewController.swift in Sources */,
				7CB27E3E25E8F9A600D68F03 /* AllCollectionCell.swift in Sources */,
			);
			runOnlyForDeploymentPostprocessing = 0;
		};
/* End PBXSourcesBuildPhase section */

/* Begin PBXVariantGroup section */
		7C60B66425EE5AFA00757066 /* Localizable.strings */ = {
			isa = PBXVariantGroup;
			children = (
				7C60B66325EE5AFA00757066 /* en */,
				7C60B66625EE5B1A00757066 /* es */,
			);
			name = Localizable.strings;
			sourceTree = "<group>";
		};
		7CF2ACAA25E528B4003F90A8 /* Main.storyboard */ = {
			isa = PBXVariantGroup;
			children = (
				7CF2ACAB25E528B4003F90A8 /* Base */,
			);
			name = Main.storyboard;
			sourceTree = "<group>";
		};
		7CF2ACAF25E528B5003F90A8 /* LaunchScreen.storyboard */ = {
			isa = PBXVariantGroup;
			children = (
				7CF2ACB025E528B5003F90A8 /* Base */,
			);
			name = LaunchScreen.storyboard;
			sourceTree = "<group>";
		};
/* End PBXVariantGroup section */

/* Begin XCBuildConfiguration section */
		7CF2ACB325E528B5003F90A8 /* Debug */ = {
			isa = XCBuildConfiguration;
			buildSettings = {
				ALWAYS_SEARCH_USER_PATHS = NO;
				CLANG_ANALYZER_LOCALIZABILITY_NONLOCALIZED = YES;
				CLANG_ANALYZER_NONNULL = YES;
				CLANG_ANALYZER_NUMBER_OBJECT_CONVERSION = YES_AGGRESSIVE;
				CLANG_CXX_LANGUAGE_STANDARD = "gnu++14";
				CLANG_CXX_LIBRARY = "libc++";
				CLANG_ENABLE_MODULES = YES;
				CLANG_ENABLE_OBJC_ARC = YES;
				CLANG_ENABLE_OBJC_WEAK = YES;
				CLANG_WARN_BLOCK_CAPTURE_AUTORELEASING = YES;
				CLANG_WARN_BOOL_CONVERSION = YES;
				CLANG_WARN_COMMA = YES;
				CLANG_WARN_CONSTANT_CONVERSION = YES;
				CLANG_WARN_DEPRECATED_OBJC_IMPLEMENTATIONS = YES;
				CLANG_WARN_DIRECT_OBJC_ISA_USAGE = YES_ERROR;
				CLANG_WARN_DOCUMENTATION_COMMENTS = YES;
				CLANG_WARN_EMPTY_BODY = YES;
				CLANG_WARN_ENUM_CONVERSION = YES;
				CLANG_WARN_INFINITE_RECURSION = YES;
				CLANG_WARN_INT_CONVERSION = YES;
				CLANG_WARN_NON_LITERAL_NULL_CONVERSION = YES;
				CLANG_WARN_OBJC_IMPLICIT_RETAIN_SELF = YES;
				CLANG_WARN_OBJC_LITERAL_CONVERSION = YES;
				CLANG_WARN_OBJC_ROOT_CLASS = YES_ERROR;
				CLANG_WARN_QUOTED_INCLUDE_IN_FRAMEWORK_HEADER = YES;
				CLANG_WARN_RANGE_LOOP_ANALYSIS = YES;
				CLANG_WARN_STRICT_PROTOTYPES = YES;
				CLANG_WARN_SUSPICIOUS_MOVE = YES;
				CLANG_WARN_UNGUARDED_AVAILABILITY = YES_AGGRESSIVE;
				CLANG_WARN_UNREACHABLE_CODE = YES;
				CLANG_WARN__DUPLICATE_METHOD_MATCH = YES;
				COPY_PHASE_STRIP = NO;
				DEBUG_INFORMATION_FORMAT = dwarf;
				ENABLE_STRICT_OBJC_MSGSEND = YES;
				ENABLE_TESTABILITY = YES;
				GCC_C_LANGUAGE_STANDARD = gnu11;
				GCC_DYNAMIC_NO_PIC = NO;
				GCC_NO_COMMON_BLOCKS = YES;
				GCC_OPTIMIZATION_LEVEL = 0;
				GCC_PREPROCESSOR_DEFINITIONS = (
					"DEBUG=1",
					"$(inherited)",
				);
				GCC_WARN_64_TO_32_BIT_CONVERSION = YES;
				GCC_WARN_ABOUT_RETURN_TYPE = YES_ERROR;
				GCC_WARN_UNDECLARED_SELECTOR = YES;
				GCC_WARN_UNINITIALIZED_AUTOS = YES_AGGRESSIVE;
				GCC_WARN_UNUSED_FUNCTION = YES;
				GCC_WARN_UNUSED_VARIABLE = YES;
				IPHONEOS_DEPLOYMENT_TARGET = 14.4;
				MTL_ENABLE_DEBUG_INFO = INCLUDE_SOURCE;
				MTL_FAST_MATH = YES;
				ONLY_ACTIVE_ARCH = YES;
				SDKROOT = iphoneos;
				SWIFT_ACTIVE_COMPILATION_CONDITIONS = DEBUG;
				SWIFT_OPTIMIZATION_LEVEL = "-Onone";
			};
			name = Debug;
		};
		7CF2ACB425E528B5003F90A8 /* Release */ = {
			isa = XCBuildConfiguration;
			buildSettings = {
				ALWAYS_SEARCH_USER_PATHS = NO;
				CLANG_ANALYZER_LOCALIZABILITY_NONLOCALIZED = YES;
				CLANG_ANALYZER_NONNULL = YES;
				CLANG_ANALYZER_NUMBER_OBJECT_CONVERSION = YES_AGGRESSIVE;
				CLANG_CXX_LANGUAGE_STANDARD = "gnu++14";
				CLANG_CXX_LIBRARY = "libc++";
				CLANG_ENABLE_MODULES = YES;
				CLANG_ENABLE_OBJC_ARC = YES;
				CLANG_ENABLE_OBJC_WEAK = YES;
				CLANG_WARN_BLOCK_CAPTURE_AUTORELEASING = YES;
				CLANG_WARN_BOOL_CONVERSION = YES;
				CLANG_WARN_COMMA = YES;
				CLANG_WARN_CONSTANT_CONVERSION = YES;
				CLANG_WARN_DEPRECATED_OBJC_IMPLEMENTATIONS = YES;
				CLANG_WARN_DIRECT_OBJC_ISA_USAGE = YES_ERROR;
				CLANG_WARN_DOCUMENTATION_COMMENTS = YES;
				CLANG_WARN_EMPTY_BODY = YES;
				CLANG_WARN_ENUM_CONVERSION = YES;
				CLANG_WARN_INFINITE_RECURSION = YES;
				CLANG_WARN_INT_CONVERSION = YES;
				CLANG_WARN_NON_LITERAL_NULL_CONVERSION = YES;
				CLANG_WARN_OBJC_IMPLICIT_RETAIN_SELF = YES;
				CLANG_WARN_OBJC_LITERAL_CONVERSION = YES;
				CLANG_WARN_OBJC_ROOT_CLASS = YES_ERROR;
				CLANG_WARN_QUOTED_INCLUDE_IN_FRAMEWORK_HEADER = YES;
				CLANG_WARN_RANGE_LOOP_ANALYSIS = YES;
				CLANG_WARN_STRICT_PROTOTYPES = YES;
				CLANG_WARN_SUSPICIOUS_MOVE = YES;
				CLANG_WARN_UNGUARDED_AVAILABILITY = YES_AGGRESSIVE;
				CLANG_WARN_UNREACHABLE_CODE = YES;
				CLANG_WARN__DUPLICATE_METHOD_MATCH = YES;
				COPY_PHASE_STRIP = NO;
				DEBUG_INFORMATION_FORMAT = "dwarf-with-dsym";
				ENABLE_NS_ASSERTIONS = NO;
				ENABLE_STRICT_OBJC_MSGSEND = YES;
				GCC_C_LANGUAGE_STANDARD = gnu11;
				GCC_NO_COMMON_BLOCKS = YES;
				GCC_WARN_64_TO_32_BIT_CONVERSION = YES;
				GCC_WARN_ABOUT_RETURN_TYPE = YES_ERROR;
				GCC_WARN_UNDECLARED_SELECTOR = YES;
				GCC_WARN_UNINITIALIZED_AUTOS = YES_AGGRESSIVE;
				GCC_WARN_UNUSED_FUNCTION = YES;
				GCC_WARN_UNUSED_VARIABLE = YES;
				IPHONEOS_DEPLOYMENT_TARGET = 14.4;
				MTL_ENABLE_DEBUG_INFO = NO;
				MTL_FAST_MATH = YES;
				SDKROOT = iphoneos;
				SWIFT_COMPILATION_MODE = wholemodule;
				SWIFT_OPTIMIZATION_LEVEL = "-O";
				VALIDATE_PRODUCT = YES;
			};
			name = Release;
		};
		7CF2ACB625E528B5003F90A8 /* Debug */ = {
			isa = XCBuildConfiguration;
			buildSettings = {
				ASSETCATALOG_COMPILER_APPICON_NAME = AppIcon;
				ASSETCATALOG_COMPILER_GLOBAL_ACCENT_COLOR_NAME = AccentColor;
				CODE_SIGN_STYLE = Automatic;
				DEVELOPMENT_TEAM = WAH4NY5WA2;
				INFOPLIST_FILE = superHeroProject/App/Info.plist;
				LD_RUNPATH_SEARCH_PATHS = (
					"$(inherited)",
					"@executable_path/Frameworks",
				);
				PRODUCT_BUNDLE_IDENTIFIER = com.neoland.ejercicioSuperHero.superHeroProject;
				PRODUCT_NAME = "$(TARGET_NAME)";
				SWIFT_VERSION = 5.0;
				TARGETED_DEVICE_FAMILY = "1,2";
			};
			name = Debug;
		};
		7CF2ACB725E528B5003F90A8 /* Release */ = {
			isa = XCBuildConfiguration;
			buildSettings = {
				ASSETCATALOG_COMPILER_APPICON_NAME = AppIcon;
				ASSETCATALOG_COMPILER_GLOBAL_ACCENT_COLOR_NAME = AccentColor;
				CODE_SIGN_STYLE = Automatic;
				DEVELOPMENT_TEAM = WAH4NY5WA2;
				INFOPLIST_FILE = superHeroProject/App/Info.plist;
				LD_RUNPATH_SEARCH_PATHS = (
					"$(inherited)",
					"@executable_path/Frameworks",
				);
				PRODUCT_BUNDLE_IDENTIFIER = com.neoland.ejercicioSuperHero.superHeroProject;
				PRODUCT_NAME = "$(TARGET_NAME)";
				SWIFT_VERSION = 5.0;
				TARGETED_DEVICE_FAMILY = "1,2";
			};
			name = Release;
		};
/* End XCBuildConfiguration section */

/* Begin XCConfigurationList section */
		7CF2AC9C25E528B4003F90A8 /* Build configuration list for PBXProject "superHeroProject" */ = {
			isa = XCConfigurationList;
			buildConfigurations = (
				7CF2ACB325E528B5003F90A8 /* Debug */,
				7CF2ACB425E528B5003F90A8 /* Release */,
			);
			defaultConfigurationIsVisible = 0;
			defaultConfigurationName = Release;
		};
		7CF2ACB525E528B5003F90A8 /* Build configuration list for PBXNativeTarget "superHeroProject" */ = {
			isa = XCConfigurationList;
			buildConfigurations = (
				7CF2ACB625E528B5003F90A8 /* Debug */,
				7CF2ACB725E528B5003F90A8 /* Release */,
			);
			defaultConfigurationIsVisible = 0;
			defaultConfigurationName = Release;
		};
/* End XCConfigurationList section */

/* Begin XCRemoteSwiftPackageReference section */
		7C27C84D25ED2D1A00753A11 /* XCRemoteSwiftPackageReference "Kingfisher" */ = {
			isa = XCRemoteSwiftPackageReference;
			repositoryURL = "https://github.com/onevcat/Kingfisher.git";
			requirement = {
				kind = upToNextMajorVersion;
				minimumVersion = 6.0.0;
			};
		};
		7C7DE85425F75D720012449A /* XCRemoteSwiftPackageReference "Alamofire" */ = {
			isa = XCRemoteSwiftPackageReference;
			repositoryURL = "https://github.com/Alamofire/Alamofire";
			requirement = {
				kind = upToNextMajorVersion;
				minimumVersion = 5.4.1;
			};
		};
		7CD813FA25FA2DAF00BD5797 /* XCRemoteSwiftPackageReference "lottie-ios" */ = {
			isa = XCRemoteSwiftPackageReference;
			repositoryURL = "https://github.com/airbnb/lottie-ios";
			requirement = {
				kind = upToNextMajorVersion;
				minimumVersion = 3.2.1;
			};
		};
/* End XCRemoteSwiftPackageReference section */

/* Begin XCSwiftPackageProductDependency section */
		7C27C84E25ED2D1A00753A11 /* Kingfisher */ = {
			isa = XCSwiftPackageProductDependency;
			package = 7C27C84D25ED2D1A00753A11 /* XCRemoteSwiftPackageReference "Kingfisher" */;
			productName = Kingfisher;
		};
		7C7DE85525F75D720012449A /* Alamofire */ = {
			isa = XCSwiftPackageProductDependency;
			package = 7C7DE85425F75D720012449A /* XCRemoteSwiftPackageReference "Alamofire" */;
			productName = Alamofire;
		};
		7CD813FB25FA2DAF00BD5797 /* Lottie */ = {
			isa = XCSwiftPackageProductDependency;
			package = 7CD813FA25FA2DAF00BD5797 /* XCRemoteSwiftPackageReference "lottie-ios" */;
			productName = Lottie;
		};
/* End XCSwiftPackageProductDependency section */

/* Begin XCVersionGroup section */
		7C31A93725ED08AA00EA4CBE /* HeroesCoreData.xcdatamodeld */ = {
			isa = XCVersionGroup;
			children = (
				7C31A93825ED08AA00EA4CBE /* HeroesCoreData.xcdatamodel */,
			);
			currentVersion = 7C31A93825ED08AA00EA4CBE /* HeroesCoreData.xcdatamodel */;
			path = HeroesCoreData.xcdatamodeld;
			sourceTree = "<group>";
			versionGroupType = wrapper.xcdatamodel;
		};
/* End XCVersionGroup section */
	};
	rootObject = 7CF2AC9925E528B4003F90A8 /* Project object */;
}
